// !$*UTF8*$!
{
	archiveVersion = 1;
	classes = {
	};
	objectVersion = 50;
	objects = {

/* Begin PBXBuildFile section */
		2120B51523FECE9B0013DD5C /* CustomerList.swift in Sources */ = {isa = PBXBuildFile; fileRef = 2120B51423FECE9B0013DD5C /* CustomerList.swift */; };
		2120B51723FECEEC0013DD5C /* CreateCustomer.swift in Sources */ = {isa = PBXBuildFile; fileRef = 2120B51623FECEEC0013DD5C /* CreateCustomer.swift */; };
		2120B51923FECF9D0013DD5C /* CustomerDetails.swift in Sources */ = {isa = PBXBuildFile; fileRef = 2120B51823FECF9D0013DD5C /* CustomerDetails.swift */; };
		2120B51B23FED5350013DD5C /* CreateOrder.swift in Sources */ = {isa = PBXBuildFile; fileRef = 2120B51A23FED5350013DD5C /* CreateOrder.swift */; };
		2120B51D23FED5560013DD5C /* OrderList.swift in Sources */ = {isa = PBXBuildFile; fileRef = 2120B51C23FED5560013DD5C /* OrderList.swift */; };
		2120B52B23FFCDF00013DD5C /* ShowWebsite.swift in Sources */ = {isa = PBXBuildFile; fileRef = 2120B52A23FFCDF00013DD5C /* ShowWebsite.swift */; };
		21538C8523FE895100FDA748 /* AppDelegate.swift in Sources */ = {isa = PBXBuildFile; fileRef = 21538C8423FE895100FDA748 /* AppDelegate.swift */; };
		21538C8723FE895100FDA748 /* SceneDelegate.swift in Sources */ = {isa = PBXBuildFile; fileRef = 21538C8623FE895100FDA748 /* SceneDelegate.swift */; };
		21538C8A23FE895100FDA748 /* App_iOS_Hymatik.xcdatamodeld in Sources */ = {isa = PBXBuildFile; fileRef = 21538C8823FE895100FDA748 /* App_iOS_Hymatik.xcdatamodeld */; };
		21538C8C23FE895100FDA748 /* StartScreen.swift in Sources */ = {isa = PBXBuildFile; fileRef = 21538C8B23FE895100FDA748 /* StartScreen.swift */; };
		21538C8E23FE895100FDA748 /* Assets.xcassets in Resources */ = {isa = PBXBuildFile; fileRef = 21538C8D23FE895100FDA748 /* Assets.xcassets */; };
		21538C9123FE895100FDA748 /* Preview Assets.xcassets in Resources */ = {isa = PBXBuildFile; fileRef = 21538C9023FE895100FDA748 /* Preview Assets.xcassets */; };
		21538C9423FE895100FDA748 /* LaunchScreen.storyboard in Resources */ = {isa = PBXBuildFile; fileRef = 21538C9223FE895100FDA748 /* LaunchScreen.storyboard */; };
		21538CA023FE8FC100FDA748 /* SharedElements.swift in Sources */ = {isa = PBXBuildFile; fileRef = 21538C9F23FE8FC100FDA748 /* SharedElements.swift */; };
		21538CA323FE925700FDA748 /* ViewOrder.swift in Sources */ = {isa = PBXBuildFile; fileRef = 21538CA223FE925700FDA748 /* ViewOrder.swift */; };
		21538CA623FE95C000FDA748 /* ShowScanner.swift in Sources */ = {isa = PBXBuildFile; fileRef = 21538CA523FE95C000FDA748 /* ShowScanner.swift */; };
		21538CA923FE961B00FDA748 /* Scanner.swift in Sources */ = {isa = PBXBuildFile; fileRef = 21538CA823FE961B00FDA748 /* Scanner.swift */; };
		21538CAB23FE964F00FDA748 /* Datahandler.swift in Sources */ = {isa = PBXBuildFile; fileRef = 21538CAA23FE964F00FDA748 /* Datahandler.swift */; };
		2161A9452407E20600DD0DF5 /* CreateNewCustomer.swift in Sources */ = {isa = PBXBuildFile; fileRef = 2161A9442407E20600DD0DF5 /* CreateNewCustomer.swift */; };
		2167819E2403CD99005C1C55 /* AddressDetail.swift in Sources */ = {isa = PBXBuildFile; fileRef = 2167819D2403CD99005C1C55 /* AddressDetail.swift */; };
		216781F12404165D005C1C55 /* ProductDetail.swift in Sources */ = {isa = PBXBuildFile; fileRef = 216781F02404165D005C1C55 /* ProductDetail.swift */; };
		216781F424041976005C1C55 /* Binding+Extension.swift in Sources */ = {isa = PBXBuildFile; fileRef = 216781F324041976005C1C55 /* Binding+Extension.swift */; };
/* End PBXBuildFile section */

/* Begin PBXFileReference section */
		2120B51423FECE9B0013DD5C /* CustomerList.swift */ = {isa = PBXFileReference; lastKnownFileType = sourcecode.swift; path = CustomerList.swift; sourceTree = "<group>"; };
		2120B51623FECEEC0013DD5C /* CreateCustomer.swift */ = {isa = PBXFileReference; lastKnownFileType = sourcecode.swift; path = CreateCustomer.swift; sourceTree = "<group>"; };
		2120B51823FECF9D0013DD5C /* CustomerDetails.swift */ = {isa = PBXFileReference; lastKnownFileType = sourcecode.swift; path = CustomerDetails.swift; sourceTree = "<group>"; };
		2120B51A23FED5350013DD5C /* CreateOrder.swift */ = {isa = PBXFileReference; lastKnownFileType = sourcecode.swift; path = CreateOrder.swift; sourceTree = "<group>"; };
		2120B51C23FED5560013DD5C /* OrderList.swift */ = {isa = PBXFileReference; lastKnownFileType = sourcecode.swift; path = OrderList.swift; sourceTree = "<group>"; };
		2120B52A23FFCDF00013DD5C /* ShowWebsite.swift */ = {isa = PBXFileReference; lastKnownFileType = sourcecode.swift; path = ShowWebsite.swift; sourceTree = "<group>"; };
		21538C8123FE895100FDA748 /* Hymatik.app */ = {isa = PBXFileReference; explicitFileType = wrapper.application; includeInIndex = 0; path = Hymatik.app; sourceTree = BUILT_PRODUCTS_DIR; };
		21538C8423FE895100FDA748 /* AppDelegate.swift */ = {isa = PBXFileReference; lastKnownFileType = sourcecode.swift; path = AppDelegate.swift; sourceTree = "<group>"; };
		21538C8623FE895100FDA748 /* SceneDelegate.swift */ = {isa = PBXFileReference; lastKnownFileType = sourcecode.swift; path = SceneDelegate.swift; sourceTree = "<group>"; };
		21538C8923FE895100FDA748 /* App_iOS_Hymatik.xcdatamodel */ = {isa = PBXFileReference; lastKnownFileType = wrapper.xcdatamodel; path = App_iOS_Hymatik.xcdatamodel; sourceTree = "<group>"; };
		21538C8B23FE895100FDA748 /* StartScreen.swift */ = {isa = PBXFileReference; lastKnownFileType = sourcecode.swift; path = StartScreen.swift; sourceTree = "<group>"; };
		21538C8D23FE895100FDA748 /* Assets.xcassets */ = {isa = PBXFileReference; lastKnownFileType = folder.assetcatalog; path = Assets.xcassets; sourceTree = "<group>"; };
		21538C9023FE895100FDA748 /* Preview Assets.xcassets */ = {isa = PBXFileReference; lastKnownFileType = folder.assetcatalog; path = "Preview Assets.xcassets"; sourceTree = "<group>"; };
		21538C9323FE895100FDA748 /* Base */ = {isa = PBXFileReference; lastKnownFileType = file.storyboard; name = Base; path = Base.lproj/LaunchScreen.storyboard; sourceTree = "<group>"; };
		21538C9523FE895100FDA748 /* Info.plist */ = {isa = PBXFileReference; lastKnownFileType = text.plist.xml; path = Info.plist; sourceTree = "<group>"; };
		21538C9F23FE8FC100FDA748 /* SharedElements.swift */ = {isa = PBXFileReference; lastKnownFileType = sourcecode.swift; path = SharedElements.swift; sourceTree = "<group>"; };
		21538CA223FE925700FDA748 /* ViewOrder.swift */ = {isa = PBXFileReference; lastKnownFileType = sourcecode.swift; path = ViewOrder.swift; sourceTree = "<group>"; };
		21538CA523FE95C000FDA748 /* ShowScanner.swift */ = {isa = PBXFileReference; lastKnownFileType = sourcecode.swift; path = ShowScanner.swift; sourceTree = "<group>"; };
		21538CA823FE961B00FDA748 /* Scanner.swift */ = {isa = PBXFileReference; lastKnownFileType = sourcecode.swift; path = Scanner.swift; sourceTree = "<group>"; };
		21538CAA23FE964F00FDA748 /* Datahandler.swift */ = {isa = PBXFileReference; lastKnownFileType = sourcecode.swift; path = Datahandler.swift; sourceTree = "<group>"; };
		2161A9432406B4B100DD0DF5 /* App_iOS_Hymatik 2.xcdatamodel */ = {isa = PBXFileReference; lastKnownFileType = wrapper.xcdatamodel; path = "App_iOS_Hymatik 2.xcdatamodel"; sourceTree = "<group>"; };
		2161A9442407E20600DD0DF5 /* CreateNewCustomer.swift */ = {isa = PBXFileReference; lastKnownFileType = sourcecode.swift; path = CreateNewCustomer.swift; sourceTree = "<group>"; };
		2167819D2403CD99005C1C55 /* AddressDetail.swift */ = {isa = PBXFileReference; lastKnownFileType = sourcecode.swift; path = AddressDetail.swift; sourceTree = "<group>"; };
		216781F02404165D005C1C55 /* ProductDetail.swift */ = {isa = PBXFileReference; lastKnownFileType = sourcecode.swift; path = ProductDetail.swift; sourceTree = "<group>"; };
		216781F324041976005C1C55 /* Binding+Extension.swift */ = {isa = PBXFileReference; lastKnownFileType = sourcecode.swift; path = "Binding+Extension.swift"; sourceTree = "<group>"; };
/* End PBXFileReference section */

/* Begin PBXFrameworksBuildPhase section */
		21538C7E23FE895100FDA748 /* Frameworks */ = {
			isa = PBXFrameworksBuildPhase;
			buildActionMask = 2147483647;
			files = (
			);
			runOnlyForDeploymentPostprocessing = 0;
		};
/* End PBXFrameworksBuildPhase section */

/* Begin PBXGroup section */
		2120B51323FECE800013DD5C /* Customer */ = {
			isa = PBXGroup;
			children = (
				2120B51423FECE9B0013DD5C /* CustomerList.swift */,
				2120B51623FECEEC0013DD5C /* CreateCustomer.swift */,
				2120B51823FECF9D0013DD5C /* CustomerDetails.swift */,
				2167819D2403CD99005C1C55 /* AddressDetail.swift */,
			);
			path = Customer;
			sourceTree = "<group>";
		};
		2120B51E23FFB82B0013DD5C /* Product */ = {
			isa = PBXGroup;
			children = (
				216781F02404165D005C1C55 /* ProductDetail.swift */,
				2161A9442407E20600DD0DF5 /* CreateNewCustomer.swift */,
			);
			path = Product;
			sourceTree = "<group>";
		};
		21538C7823FE895100FDA748 = {
			isa = PBXGroup;
			children = (
				21538C8323FE895100FDA748 /* App_iOS_Hymatik */,
				21538C8223FE895100FDA748 /* Products */,
			);
			sourceTree = "<group>";
		};
		21538C8223FE895100FDA748 /* Products */ = {
			isa = PBXGroup;
			children = (
				21538C8123FE895100FDA748 /* Hymatik.app */,
			);
			name = Products;
			sourceTree = "<group>";
		};
		21538C8323FE895100FDA748 /* App_iOS_Hymatik */ = {
			isa = PBXGroup;
			children = (
				216781F224041961005C1C55 /* Extension */,
				21538CA723FE960000FDA748 /* Controllers */,
				21538C9D23FE8F0200FDA748 /* Resources */,
				21538C9C23FE8EF500FDA748 /* Views */,
				21538C9B23FE8EEB00FDA748 /* Models */,
				21538C8F23FE895100FDA748 /* Preview Content */,
			);
			path = App_iOS_Hymatik;
			sourceTree = "<group>";
		};
		21538C8F23FE895100FDA748 /* Preview Content */ = {
			isa = PBXGroup;
			children = (
				21538C9023FE895100FDA748 /* Preview Assets.xcassets */,
			);
			path = "Preview Content";
			sourceTree = "<group>";
		};
		21538C9B23FE8EEB00FDA748 /* Models */ = {
			isa = PBXGroup;
			children = (
				21538C8823FE895100FDA748 /* App_iOS_Hymatik.xcdatamodeld */,
			);
			path = Models;
			sourceTree = "<group>";
		};
		21538C9C23FE8EF500FDA748 /* Views */ = {
			isa = PBXGroup;
			children = (
				2120B51E23FFB82B0013DD5C /* Product */,
				2120B51323FECE800013DD5C /* Customer */,
				21538CA423FE95B100FDA748 /* Scanner */,
				21538CA123FE924A00FDA748 /* Order */,
				21538C9E23FE8FA900FDA748 /* Shared */,
				21538C8B23FE895100FDA748 /* StartScreen.swift */,
			);
			path = Views;
			sourceTree = "<group>";
		};
		21538C9D23FE8F0200FDA748 /* Resources */ = {
			isa = PBXGroup;
			children = (
				21538C8423FE895100FDA748 /* AppDelegate.swift */,
				21538C8623FE895100FDA748 /* SceneDelegate.swift */,
				21538C8D23FE895100FDA748 /* Assets.xcassets */,
				21538C9223FE895100FDA748 /* LaunchScreen.storyboard */,
				21538C9523FE895100FDA748 /* Info.plist */,
			);
			path = Resources;
			sourceTree = "<group>";
		};
		21538C9E23FE8FA900FDA748 /* Shared */ = {
			isa = PBXGroup;
			children = (
				2120B52A23FFCDF00013DD5C /* ShowWebsite.swift */,
				21538C9F23FE8FC100FDA748 /* SharedElements.swift */,
			);
			path = Shared;
			sourceTree = "<group>";
		};
		21538CA123FE924A00FDA748 /* Order */ = {
			isa = PBXGroup;
			children = (
				21538CA223FE925700FDA748 /* ViewOrder.swift */,
				2120B51A23FED5350013DD5C /* CreateOrder.swift */,
				2120B51C23FED5560013DD5C /* OrderList.swift */,
			);
			path = Order;
			sourceTree = "<group>";
		};
		21538CA423FE95B100FDA748 /* Scanner */ = {
			isa = PBXGroup;
			children = (
				21538CA523FE95C000FDA748 /* ShowScanner.swift */,
			);
			path = Scanner;
			sourceTree = "<group>";
		};
		21538CA723FE960000FDA748 /* Controllers */ = {
			isa = PBXGroup;
			children = (
				21538CA823FE961B00FDA748 /* Scanner.swift */,
				21538CAA23FE964F00FDA748 /* Datahandler.swift */,
			);
			path = Controllers;
			sourceTree = "<group>";
		};
		216781F224041961005C1C55 /* Extension */ = {
			isa = PBXGroup;
			children = (
				216781F324041976005C1C55 /* Binding+Extension.swift */,
			);
			path = Extension;
			sourceTree = "<group>";
		};
/* End PBXGroup section */

/* Begin PBXNativeTarget section */
		21538C8023FE895100FDA748 /* App_iOS_Hymatik */ = {
			isa = PBXNativeTarget;
			buildConfigurationList = 21538C9823FE895100FDA748 /* Build configuration list for PBXNativeTarget "App_iOS_Hymatik" */;
			buildPhases = (
				21538C7D23FE895100FDA748 /* Sources */,
				21538C7E23FE895100FDA748 /* Frameworks */,
				21538C7F23FE895100FDA748 /* Resources */,
			);
			buildRules = (
			);
			dependencies = (
			);
			name = App_iOS_Hymatik;
			productName = App_iOS_Hymatik;
			productReference = 21538C8123FE895100FDA748 /* Hymatik.app */;
			productType = "com.apple.product-type.application";
		};
/* End PBXNativeTarget section */

/* Begin PBXProject section */
		21538C7923FE895100FDA748 /* Project object */ = {
			isa = PBXProject;
			attributes = {
				LastSwiftUpdateCheck = 1130;
				LastUpgradeCheck = 1130;
				ORGANIZATIONNAME = Hymatik;
				TargetAttributes = {
					21538C8023FE895100FDA748 = {
						CreatedOnToolsVersion = 11.3.1;
					};
				};
			};
			buildConfigurationList = 21538C7C23FE895100FDA748 /* Build configuration list for PBXProject "App_iOS_Hymatik" */;
			compatibilityVersion = "Xcode 9.3";
			developmentRegion = en;
			hasScannedForEncodings = 0;
			knownRegions = (
				en,
				Base,
			);
			mainGroup = 21538C7823FE895100FDA748;
			productRefGroup = 21538C8223FE895100FDA748 /* Products */;
			projectDirPath = "";
			projectRoot = "";
			targets = (
				21538C8023FE895100FDA748 /* App_iOS_Hymatik */,
			);
		};
/* End PBXProject section */

/* Begin PBXResourcesBuildPhase section */
		21538C7F23FE895100FDA748 /* Resources */ = {
			isa = PBXResourcesBuildPhase;
			buildActionMask = 2147483647;
			files = (
				21538C9423FE895100FDA748 /* LaunchScreen.storyboard in Resources */,
				21538C9123FE895100FDA748 /* Preview Assets.xcassets in Resources */,
				21538C8E23FE895100FDA748 /* Assets.xcassets in Resources */,
			);
			runOnlyForDeploymentPostprocessing = 0;
		};
/* End PBXResourcesBuildPhase section */

/* Begin PBXSourcesBuildPhase section */
		21538C7D23FE895100FDA748 /* Sources */ = {
			isa = PBXSourcesBuildPhase;
			buildActionMask = 2147483647;
			files = (
				216781F12404165D005C1C55 /* ProductDetail.swift in Sources */,
				2120B51923FECF9D0013DD5C /* CustomerDetails.swift in Sources */,
				2161A9452407E20600DD0DF5 /* CreateNewCustomer.swift in Sources */,
				2167819E2403CD99005C1C55 /* AddressDetail.swift in Sources */,
				2120B52B23FFCDF00013DD5C /* ShowWebsite.swift in Sources */,
				21538C8523FE895100FDA748 /* AppDelegate.swift in Sources */,
				21538CA623FE95C000FDA748 /* ShowScanner.swift in Sources */,
				21538CA923FE961B00FDA748 /* Scanner.swift in Sources */,
				21538CA023FE8FC100FDA748 /* SharedElements.swift in Sources */,
				216781F424041976005C1C55 /* Binding+Extension.swift in Sources */,
				21538C8A23FE895100FDA748 /* App_iOS_Hymatik.xcdatamodeld in Sources */,
				21538CA323FE925700FDA748 /* ViewOrder.swift in Sources */,
				2120B51B23FED5350013DD5C /* CreateOrder.swift in Sources */,
				2120B51D23FED5560013DD5C /* OrderList.swift in Sources */,
				21538CAB23FE964F00FDA748 /* Datahandler.swift in Sources */,
				2120B51523FECE9B0013DD5C /* CustomerList.swift in Sources */,
				21538C8C23FE895100FDA748 /* StartScreen.swift in Sources */,
				21538C8723FE895100FDA748 /* SceneDelegate.swift in Sources */,
				2120B51723FECEEC0013DD5C /* CreateCustomer.swift in Sources */,
			);
			runOnlyForDeploymentPostprocessing = 0;
		};
/* End PBXSourcesBuildPhase section */

/* Begin PBXVariantGroup section */
		21538C9223FE895100FDA748 /* LaunchScreen.storyboard */ = {
			isa = PBXVariantGroup;
			children = (
				21538C9323FE895100FDA748 /* Base */,
			);
			name = LaunchScreen.storyboard;
			sourceTree = "<group>";
		};
/* End PBXVariantGroup section */

/* Begin XCBuildConfiguration section */
		21538C9623FE895100FDA748 /* Debug */ = {
			isa = XCBuildConfiguration;
			buildSettings = {
				ALWAYS_SEARCH_USER_PATHS = NO;
				CLANG_ANALYZER_NONNULL = YES;
				CLANG_ANALYZER_NUMBER_OBJECT_CONVERSION = YES_AGGRESSIVE;
				CLANG_CXX_LANGUAGE_STANDARD = "gnu++14";
				CLANG_CXX_LIBRARY = "libc++";
				CLANG_ENABLE_MODULES = YES;
				CLANG_ENABLE_OBJC_ARC = YES;
				CLANG_ENABLE_OBJC_WEAK = YES;
				CLANG_WARN_BLOCK_CAPTURE_AUTORELEASING = YES;
				CLANG_WARN_BOOL_CONVERSION = YES;
				CLANG_WARN_COMMA = YES;
				CLANG_WARN_CONSTANT_CONVERSION = YES;
				CLANG_WARN_DEPRECATED_OBJC_IMPLEMENTATIONS = YES;
				CLANG_WARN_DIRECT_OBJC_ISA_USAGE = YES_ERROR;
				CLANG_WARN_DOCUMENTATION_COMMENTS = YES;
				CLANG_WARN_EMPTY_BODY = YES;
				CLANG_WARN_ENUM_CONVERSION = YES;
				CLANG_WARN_INFINITE_RECURSION = YES;
				CLANG_WARN_INT_CONVERSION = YES;
				CLANG_WARN_NON_LITERAL_NULL_CONVERSION = YES;
				CLANG_WARN_OBJC_IMPLICIT_RETAIN_SELF = YES;
				CLANG_WARN_OBJC_LITERAL_CONVERSION = YES;
				CLANG_WARN_OBJC_ROOT_CLASS = YES_ERROR;
				CLANG_WARN_RANGE_LOOP_ANALYSIS = YES;
				CLANG_WARN_STRICT_PROTOTYPES = YES;
				CLANG_WARN_SUSPICIOUS_MOVE = YES;
				CLANG_WARN_UNGUARDED_AVAILABILITY = YES_AGGRESSIVE;
				CLANG_WARN_UNREACHABLE_CODE = YES;
				CLANG_WARN__DUPLICATE_METHOD_MATCH = YES;
				COPY_PHASE_STRIP = NO;
				DEBUG_INFORMATION_FORMAT = dwarf;
				ENABLE_STRICT_OBJC_MSGSEND = YES;
				ENABLE_TESTABILITY = YES;
				GCC_C_LANGUAGE_STANDARD = gnu11;
				GCC_DYNAMIC_NO_PIC = NO;
				GCC_NO_COMMON_BLOCKS = YES;
				GCC_OPTIMIZATION_LEVEL = 0;
				GCC_PREPROCESSOR_DEFINITIONS = (
					"DEBUG=1",
					"$(inherited)",
				);
				GCC_WARN_64_TO_32_BIT_CONVERSION = YES;
				GCC_WARN_ABOUT_RETURN_TYPE = YES_ERROR;
				GCC_WARN_UNDECLARED_SELECTOR = YES;
				GCC_WARN_UNINITIALIZED_AUTOS = YES_AGGRESSIVE;
				GCC_WARN_UNUSED_FUNCTION = YES;
				GCC_WARN_UNUSED_VARIABLE = YES;
				IPHONEOS_DEPLOYMENT_TARGET = 13.2;
				MTL_ENABLE_DEBUG_INFO = INCLUDE_SOURCE;
				MTL_FAST_MATH = YES;
				ONLY_ACTIVE_ARCH = YES;
				SDKROOT = iphoneos;
				SWIFT_ACTIVE_COMPILATION_CONDITIONS = DEBUG;
				SWIFT_OPTIMIZATION_LEVEL = "-Onone";
			};
			name = Debug;
		};
		21538C9723FE895100FDA748 /* Release */ = {
			isa = XCBuildConfiguration;
			buildSettings = {
				ALWAYS_SEARCH_USER_PATHS = NO;
				CLANG_ANALYZER_NONNULL = YES;
				CLANG_ANALYZER_NUMBER_OBJECT_CONVERSION = YES_AGGRESSIVE;
				CLANG_CXX_LANGUAGE_STANDARD = "gnu++14";
				CLANG_CXX_LIBRARY = "libc++";
				CLANG_ENABLE_MODULES = YES;
				CLANG_ENABLE_OBJC_ARC = YES;
				CLANG_ENABLE_OBJC_WEAK = YES;
				CLANG_WARN_BLOCK_CAPTURE_AUTORELEASING = YES;
				CLANG_WARN_BOOL_CONVERSION = YES;
				CLANG_WARN_COMMA = YES;
				CLANG_WARN_CONSTANT_CONVERSION = YES;
				CLANG_WARN_DEPRECATED_OBJC_IMPLEMENTATIONS = YES;
				CLANG_WARN_DIRECT_OBJC_ISA_USAGE = YES_ERROR;
				CLANG_WARN_DOCUMENTATION_COMMENTS = YES;
				CLANG_WARN_EMPTY_BODY = YES;
				CLANG_WARN_ENUM_CONVERSION = YES;
				CLANG_WARN_INFINITE_RECURSION = YES;
				CLANG_WARN_INT_CONVERSION = YES;
				CLANG_WARN_NON_LITERAL_NULL_CONVERSION = YES;
				CLANG_WARN_OBJC_IMPLICIT_RETAIN_SELF = YES;
				CLANG_WARN_OBJC_LITERAL_CONVERSION = YES;
				CLANG_WARN_OBJC_ROOT_CLASS = YES_ERROR;
				CLANG_WARN_RANGE_LOOP_ANALYSIS = YES;
				CLANG_WARN_STRICT_PROTOTYPES = YES;
				CLANG_WARN_SUSPICIOUS_MOVE = YES;
				CLANG_WARN_UNGUARDED_AVAILABILITY = YES_AGGRESSIVE;
				CLANG_WARN_UNREACHABLE_CODE = YES;
				CLANG_WARN__DUPLICATE_METHOD_MATCH = YES;
				COPY_PHASE_STRIP = NO;
				DEBUG_INFORMATION_FORMAT = "dwarf-with-dsym";
				ENABLE_NS_ASSERTIONS = NO;
				ENABLE_STRICT_OBJC_MSGSEND = YES;
				GCC_C_LANGUAGE_STANDARD = gnu11;
				GCC_NO_COMMON_BLOCKS = YES;
				GCC_WARN_64_TO_32_BIT_CONVERSION = YES;
				GCC_WARN_ABOUT_RETURN_TYPE = YES_ERROR;
				GCC_WARN_UNDECLARED_SELECTOR = YES;
				GCC_WARN_UNINITIALIZED_AUTOS = YES_AGGRESSIVE;
				GCC_WARN_UNUSED_FUNCTION = YES;
				GCC_WARN_UNUSED_VARIABLE = YES;
				IPHONEOS_DEPLOYMENT_TARGET = 13.2;
				MTL_ENABLE_DEBUG_INFO = NO;
				MTL_FAST_MATH = YES;
				SDKROOT = iphoneos;
				SWIFT_COMPILATION_MODE = wholemodule;
				SWIFT_OPTIMIZATION_LEVEL = "-O";
				VALIDATE_PRODUCT = YES;
			};
			name = Release;
		};
		21538C9923FE895100FDA748 /* Debug */ = {
			isa = XCBuildConfiguration;
			buildSettings = {
				ASSETCATALOG_COMPILER_APPICON_NAME = AppIcon;
				CODE_SIGN_STYLE = Automatic;
				DEVELOPMENT_ASSET_PATHS = "\"App_iOS_Hymatik/Preview Content\"";
				DEVELOPMENT_TEAM = FBVK276RNH;
				ENABLE_PREVIEWS = YES;
				INFOPLIST_FILE = App_iOS_Hymatik/Resources/Info.plist;
				LD_RUNPATH_SEARCH_PATHS = (
					"$(inherited)",
					"@executable_path/Frameworks",
				);
				PRODUCT_BUNDLE_IDENTIFIER = "com.hymatik.App-iOS-Hymatik";
				PRODUCT_NAME = Hymatik;
				SWIFT_VERSION = 5.0;
				TARGETED_DEVICE_FAMILY = "1,2";
			};
			name = Debug;
		};
		21538C9A23FE895100FDA748 /* Release */ = {
			isa = XCBuildConfiguration;
			buildSettings = {
				ASSETCATALOG_COMPILER_APPICON_NAME = AppIcon;
				CODE_SIGN_STYLE = Automatic;
				DEVELOPMENT_ASSET_PATHS = "\"App_iOS_Hymatik/Preview Content\"";
				DEVELOPMENT_TEAM = FBVK276RNH;
				ENABLE_PREVIEWS = YES;
				INFOPLIST_FILE = App_iOS_Hymatik/Resources/Info.plist;
				LD_RUNPATH_SEARCH_PATHS = (
					"$(inherited)",
					"@executable_path/Frameworks",
				);
				PRODUCT_BUNDLE_IDENTIFIER = "com.hymatik.App-iOS-Hymatik";
				PRODUCT_NAME = Hymatik;
				SWIFT_VERSION = 5.0;
				TARGETED_DEVICE_FAMILY = "1,2";
			};
			name = Release;
		};
/* End XCBuildConfiguration section */

/* Begin XCConfigurationList section */
		21538C7C23FE895100FDA748 /* Build configuration list for PBXProject "App_iOS_Hymatik" */ = {
			isa = XCConfigurationList;
			buildConfigurations = (
				21538C9623FE895100FDA748 /* Debug */,
				21538C9723FE895100FDA748 /* Release */,
			);
			defaultConfigurationIsVisible = 0;
			defaultConfigurationName = Release;
		};
		21538C9823FE895100FDA748 /* Build configuration list for PBXNativeTarget "App_iOS_Hymatik" */ = {
			isa = XCConfigurationList;
			buildConfigurations = (
				21538C9923FE895100FDA748 /* Debug */,
				21538C9A23FE895100FDA748 /* Release */,
			);
			defaultConfigurationIsVisible = 0;
			defaultConfigurationName = Release;
		};
/* End XCConfigurationList section */

/* Begin XCVersionGroup section */
		21538C8823FE895100FDA748 /* App_iOS_Hymatik.xcdatamodeld */ = {
			isa = XCVersionGroup;
			children = (
				2161A9432406B4B100DD0DF5 /* App_iOS_Hymatik 2.xcdatamodel */,
				21538C8923FE895100FDA748 /* App_iOS_Hymatik.xcdatamodel */,
			);
			currentVersion = 21538C8923FE895100FDA748 /* App_iOS_Hymatik.xcdatamodel */;
			path = App_iOS_Hymatik.xcdatamodeld;
			sourceTree = "<group>";
			versionGroupType = wrapper.xcdatamodel;
		};
/* End XCVersionGroup section */
	};
	rootObject = 21538C7923FE895100FDA748 /* Project object */;
}
