// !$*UTF8*$!
{
	archiveVersion = 1;
	classes = {
	};
	objectVersion = 50;
	objects = {

/* Begin PBXBuildFile section */
		210FFB7E23FA987B000F8297 /* Main.storyboard in Resources */ = {isa = PBXBuildFile; fileRef = 210FFB7D23FA987B000F8297 /* Main.storyboard */; };
		210FFB8423FAA3A2000F8297 /* UIKitView.swift in Sources */ = {isa = PBXBuildFile; fileRef = 210FFB8323FAA3A2000F8297 /* UIKitView.swift */; };
		2156BA5223FA7E6900C46C4B /* AppDelegate.swift in Sources */ = {isa = PBXBuildFile; fileRef = 2156BA5123FA7E6900C46C4B /* AppDelegate.swift */; };
		2156BA5423FA7E6900C46C4B /* SceneDelegate.swift in Sources */ = {isa = PBXBuildFile; fileRef = 2156BA5323FA7E6900C46C4B /* SceneDelegate.swift */; };
		2156BA5723FA7E6900C46C4B /* App_iOS_Hymatik.xcdatamodeld in Sources */ = {isa = PBXBuildFile; fileRef = 2156BA5523FA7E6900C46C4B /* App_iOS_Hymatik.xcdatamodeld */; };
		2156BA5923FA7E6900C46C4B /* ContentView.swift in Sources */ = {isa = PBXBuildFile; fileRef = 2156BA5823FA7E6900C46C4B /* ContentView.swift */; };
		2156BA5B23FA7E6A00C46C4B /* Assets.xcassets in Resources */ = {isa = PBXBuildFile; fileRef = 2156BA5A23FA7E6A00C46C4B /* Assets.xcassets */; };
		2156BA5E23FA7E6A00C46C4B /* Preview Assets.xcassets in Resources */ = {isa = PBXBuildFile; fileRef = 2156BA5D23FA7E6A00C46C4B /* Preview Assets.xcassets */; };
		2156BA6123FA7E6A00C46C4B /* LaunchScreen.storyboard in Resources */ = {isa = PBXBuildFile; fileRef = 2156BA5F23FA7E6A00C46C4B /* LaunchScreen.storyboard */; };
		2156BA6C23FA7E6A00C46C4B /* App_iOS_HymatikTests.swift in Sources */ = {isa = PBXBuildFile; fileRef = 2156BA6B23FA7E6A00C46C4B /* App_iOS_HymatikTests.swift */; };
		2156BA7723FA7E6A00C46C4B /* App_iOS_HymatikUITests.swift in Sources */ = {isa = PBXBuildFile; fileRef = 2156BA7623FA7E6A00C46C4B /* App_iOS_HymatikUITests.swift */; };
		2174FDC523FBD9870064D05E /* Scanner.swift in Sources */ = {isa = PBXBuildFile; fileRef = 2174FDC423FBD9870064D05E /* Scanner.swift */; };
		260C2D449288B0B58A3BE004 /* Pods_App_iOS_Hymatik.framework in Frameworks */ = {isa = PBXBuildFile; fileRef = 104762C5C06D00F1CE5460D1 /* Pods_App_iOS_Hymatik.framework */; };
		748BA684FFD0BBE40A9C4DB3 /* Pods_App_iOS_HymatikTests.framework in Frameworks */ = {isa = PBXBuildFile; fileRef = EFE0B3306E3941D911D2F254 /* Pods_App_iOS_HymatikTests.framework */; };
		D6C835A09EF6A0195E4FA00B /* Pods_App_iOS_Hymatik_App_iOS_HymatikUITests.framework in Frameworks */ = {isa = PBXBuildFile; fileRef = 53A7F036936FF00FE12AEBC0 /* Pods_App_iOS_Hymatik_App_iOS_HymatikUITests.framework */; };
/* End PBXBuildFile section */

/* Begin PBXContainerItemProxy section */
		2156BA6823FA7E6A00C46C4B /* PBXContainerItemProxy */ = {
			isa = PBXContainerItemProxy;
			containerPortal = 2156BA4623FA7E6900C46C4B /* Project object */;
			proxyType = 1;
			remoteGlobalIDString = 2156BA4D23FA7E6900C46C4B;
			remoteInfo = "App-iOS-Hymatik";
		};
		2156BA7323FA7E6A00C46C4B /* PBXContainerItemProxy */ = {
			isa = PBXContainerItemProxy;
			containerPortal = 2156BA4623FA7E6900C46C4B /* Project object */;
			proxyType = 1;
			remoteGlobalIDString = 2156BA4D23FA7E6900C46C4B;
			remoteInfo = "App-iOS-Hymatik";
		};
/* End PBXContainerItemProxy section */

/* Begin PBXFileReference section */
		104762C5C06D00F1CE5460D1 /* Pods_App_iOS_Hymatik.framework */ = {isa = PBXFileReference; explicitFileType = wrapper.framework; includeInIndex = 0; path = Pods_App_iOS_Hymatik.framework; sourceTree = BUILT_PRODUCTS_DIR; };
		210FFB7D23FA987B000F8297 /* Main.storyboard */ = {isa = PBXFileReference; lastKnownFileType = file.storyboard; path = Main.storyboard; sourceTree = "<group>"; };
		210FFB8323FAA3A2000F8297 /* UIKitView.swift */ = {isa = PBXFileReference; lastKnownFileType = sourcecode.swift; path = UIKitView.swift; sourceTree = "<group>"; };
		2156BA4E23FA7E6900C46C4B /* Hymatik.app */ = {isa = PBXFileReference; explicitFileType = wrapper.application; includeInIndex = 0; path = Hymatik.app; sourceTree = BUILT_PRODUCTS_DIR; };
		2156BA5123FA7E6900C46C4B /* AppDelegate.swift */ = {isa = PBXFileReference; lastKnownFileType = sourcecode.swift; path = AppDelegate.swift; sourceTree = "<group>"; };
		2156BA5323FA7E6900C46C4B /* SceneDelegate.swift */ = {isa = PBXFileReference; lastKnownFileType = sourcecode.swift; path = SceneDelegate.swift; sourceTree = "<group>"; };
		2156BA5623FA7E6900C46C4B /* App_iOS_Hymatik.xcdatamodel */ = {isa = PBXFileReference; lastKnownFileType = wrapper.xcdatamodel; path = App_iOS_Hymatik.xcdatamodel; sourceTree = "<group>"; };
		2156BA5823FA7E6900C46C4B /* ContentView.swift */ = {isa = PBXFileReference; lastKnownFileType = sourcecode.swift; path = ContentView.swift; sourceTree = "<group>"; };
		2156BA5A23FA7E6A00C46C4B /* Assets.xcassets */ = {isa = PBXFileReference; lastKnownFileType = folder.assetcatalog; path = Assets.xcassets; sourceTree = "<group>"; };
		2156BA5D23FA7E6A00C46C4B /* Preview Assets.xcassets */ = {isa = PBXFileReference; lastKnownFileType = folder.assetcatalog; path = "Preview Assets.xcassets"; sourceTree = "<group>"; };
		2156BA6023FA7E6A00C46C4B /* Base */ = {isa = PBXFileReference; lastKnownFileType = file.storyboard; name = Base; path = Base.lproj/LaunchScreen.storyboard; sourceTree = "<group>"; };
		2156BA6223FA7E6A00C46C4B /* Info.plist */ = {isa = PBXFileReference; lastKnownFileType = text.plist.xml; path = Info.plist; sourceTree = "<group>"; };
		2156BA6723FA7E6A00C46C4B /* App-iOS-HymatikTests.xctest */ = {isa = PBXFileReference; explicitFileType = wrapper.cfbundle; includeInIndex = 0; path = "App-iOS-HymatikTests.xctest"; sourceTree = BUILT_PRODUCTS_DIR; };
		2156BA6B23FA7E6A00C46C4B /* App_iOS_HymatikTests.swift */ = {isa = PBXFileReference; lastKnownFileType = sourcecode.swift; path = App_iOS_HymatikTests.swift; sourceTree = "<group>"; };
		2156BA6D23FA7E6A00C46C4B /* Info.plist */ = {isa = PBXFileReference; lastKnownFileType = text.plist.xml; path = Info.plist; sourceTree = "<group>"; };
		2156BA7223FA7E6A00C46C4B /* App-iOS-HymatikUITests.xctest */ = {isa = PBXFileReference; explicitFileType = wrapper.cfbundle; includeInIndex = 0; path = "App-iOS-HymatikUITests.xctest"; sourceTree = BUILT_PRODUCTS_DIR; };
		2156BA7623FA7E6A00C46C4B /* App_iOS_HymatikUITests.swift */ = {isa = PBXFileReference; lastKnownFileType = sourcecode.swift; path = App_iOS_HymatikUITests.swift; sourceTree = "<group>"; };
		2156BA7823FA7E6A00C46C4B /* Info.plist */ = {isa = PBXFileReference; lastKnownFileType = text.plist.xml; path = Info.plist; sourceTree = "<group>"; };
		2174FDC423FBD9870064D05E /* Scanner.swift */ = {isa = PBXFileReference; lastKnownFileType = sourcecode.swift; name = Scanner.swift; path = ../../../../../Documents/Scanner.swift; sourceTree = "<group>"; };
		460E0952139A41A9615B8475 /* Pods-App-iOS-Hymatik-App-iOS-HymatikUITests.release.xcconfig */ = {isa = PBXFileReference; includeInIndex = 1; lastKnownFileType = text.xcconfig; name = "Pods-App-iOS-Hymatik-App-iOS-HymatikUITests.release.xcconfig"; path = "Target Support Files/Pods-App-iOS-Hymatik-App-iOS-HymatikUITests/Pods-App-iOS-Hymatik-App-iOS-HymatikUITests.release.xcconfig"; sourceTree = "<group>"; };
		53A7F036936FF00FE12AEBC0 /* Pods_App_iOS_Hymatik_App_iOS_HymatikUITests.framework */ = {isa = PBXFileReference; explicitFileType = wrapper.framework; includeInIndex = 0; path = Pods_App_iOS_Hymatik_App_iOS_HymatikUITests.framework; sourceTree = BUILT_PRODUCTS_DIR; };
		AD13988AC300087883063E1C /* Pods-App-iOS-HymatikTests.release.xcconfig */ = {isa = PBXFileReference; includeInIndex = 1; lastKnownFileType = text.xcconfig; name = "Pods-App-iOS-HymatikTests.release.xcconfig"; path = "Target Support Files/Pods-App-iOS-HymatikTests/Pods-App-iOS-HymatikTests.release.xcconfig"; sourceTree = "<group>"; };
		C23AC9F5BFE44F19CF55EE9A /* Pods-App-iOS-Hymatik.release.xcconfig */ = {isa = PBXFileReference; includeInIndex = 1; lastKnownFileType = text.xcconfig; name = "Pods-App-iOS-Hymatik.release.xcconfig"; path = "Target Support Files/Pods-App-iOS-Hymatik/Pods-App-iOS-Hymatik.release.xcconfig"; sourceTree = "<group>"; };
		CDBCC163EB0EDD58CB0E31D4 /* Pods-App-iOS-Hymatik.debug.xcconfig */ = {isa = PBXFileReference; includeInIndex = 1; lastKnownFileType = text.xcconfig; name = "Pods-App-iOS-Hymatik.debug.xcconfig"; path = "Target Support Files/Pods-App-iOS-Hymatik/Pods-App-iOS-Hymatik.debug.xcconfig"; sourceTree = "<group>"; };
		CFB23456620C500CBF0D69DA /* Pods-App-iOS-Hymatik-App-iOS-HymatikUITests.debug.xcconfig */ = {isa = PBXFileReference; includeInIndex = 1; lastKnownFileType = text.xcconfig; name = "Pods-App-iOS-Hymatik-App-iOS-HymatikUITests.debug.xcconfig"; path = "Target Support Files/Pods-App-iOS-Hymatik-App-iOS-HymatikUITests/Pods-App-iOS-Hymatik-App-iOS-HymatikUITests.debug.xcconfig"; sourceTree = "<group>"; };
		EFE0B3306E3941D911D2F254 /* Pods_App_iOS_HymatikTests.framework */ = {isa = PBXFileReference; explicitFileType = wrapper.framework; includeInIndex = 0; path = Pods_App_iOS_HymatikTests.framework; sourceTree = BUILT_PRODUCTS_DIR; };
		FEB423E21C7D0992A1D67F55 /* Pods-App-iOS-HymatikTests.debug.xcconfig */ = {isa = PBXFileReference; includeInIndex = 1; lastKnownFileType = text.xcconfig; name = "Pods-App-iOS-HymatikTests.debug.xcconfig"; path = "Target Support Files/Pods-App-iOS-HymatikTests/Pods-App-iOS-HymatikTests.debug.xcconfig"; sourceTree = "<group>"; };
/* End PBXFileReference section */

/* Begin PBXFrameworksBuildPhase section */
		2156BA4B23FA7E6900C46C4B /* Frameworks */ = {
			isa = PBXFrameworksBuildPhase;
			buildActionMask = 2147483647;
			files = (
				260C2D449288B0B58A3BE004 /* Pods_App_iOS_Hymatik.framework in Frameworks */,
			);
			runOnlyForDeploymentPostprocessing = 0;
		};
		2156BA6423FA7E6A00C46C4B /* Frameworks */ = {
			isa = PBXFrameworksBuildPhase;
			buildActionMask = 2147483647;
			files = (
				748BA684FFD0BBE40A9C4DB3 /* Pods_App_iOS_HymatikTests.framework in Frameworks */,
			);
			runOnlyForDeploymentPostprocessing = 0;
		};
		2156BA6F23FA7E6A00C46C4B /* Frameworks */ = {
			isa = PBXFrameworksBuildPhase;
			buildActionMask = 2147483647;
			files = (
				D6C835A09EF6A0195E4FA00B /* Pods_App_iOS_Hymatik_App_iOS_HymatikUITests.framework in Frameworks */,
			);
			runOnlyForDeploymentPostprocessing = 0;
		};
/* End PBXFrameworksBuildPhase section */

/* Begin PBXGroup section */
		210FFB7723FA9436000F8297 /* Resources */ = {
			isa = PBXGroup;
			children = (
				2156BA5123FA7E6900C46C4B /* AppDelegate.swift */,
				2156BA5323FA7E6900C46C4B /* SceneDelegate.swift */,
				2156BA5A23FA7E6A00C46C4B /* Assets.xcassets */,
				2156BA5F23FA7E6A00C46C4B /* LaunchScreen.storyboard */,
				2156BA6223FA7E6A00C46C4B /* Info.plist */,
			);
			path = Resources;
			sourceTree = "<group>";
		};
		210FFB7823FA9468000F8297 /* Views */ = {
			isa = PBXGroup;
			children = (
				2156BA5823FA7E6900C46C4B /* ContentView.swift */,
				210FFB7D23FA987B000F8297 /* Main.storyboard */,
				210FFB8323FAA3A2000F8297 /* UIKitView.swift */,
			);
			path = Views;
			sourceTree = "<group>";
		};
		210FFB7923FA9472000F8297 /* Controllers */ = {
			isa = PBXGroup;
			children = (
				2174FDC423FBD9870064D05E /* Scanner.swift */,
			);
			path = Controllers;
			sourceTree = "<group>";
		};
		210FFB7A23FA947F000F8297 /* Models */ = {
			isa = PBXGroup;
			children = (
				2156BA5523FA7E6900C46C4B /* App_iOS_Hymatik.xcdatamodeld */,
			);
			path = Models;
			sourceTree = "<group>";
		};
		2156BA4523FA7E6900C46C4B = {
			isa = PBXGroup;
			children = (
				2156BA5023FA7E6900C46C4B /* App-iOS-Hymatik */,
				2156BA6A23FA7E6A00C46C4B /* App-iOS-HymatikTests */,
				2156BA7523FA7E6A00C46C4B /* App-iOS-HymatikUITests */,
				2156BA4F23FA7E6900C46C4B /* Products */,
				EFDD9353A6848A8B15C2B491 /* Pods */,
				5F7B5EABECC23F70F80544A1 /* Frameworks */,
			);
			sourceTree = "<group>";
		};
		2156BA4F23FA7E6900C46C4B /* Products */ = {
			isa = PBXGroup;
			children = (
				2156BA4E23FA7E6900C46C4B /* Hymatik.app */,
				2156BA6723FA7E6A00C46C4B /* App-iOS-HymatikTests.xctest */,
				2156BA7223FA7E6A00C46C4B /* App-iOS-HymatikUITests.xctest */,
			);
			name = Products;
			sourceTree = "<group>";
		};
		2156BA5023FA7E6900C46C4B /* App-iOS-Hymatik */ = {
			isa = PBXGroup;
			children = (
				210FFB7A23FA947F000F8297 /* Models */,
				210FFB7923FA9472000F8297 /* Controllers */,
				210FFB7723FA9436000F8297 /* Resources */,
				210FFB7823FA9468000F8297 /* Views */,
				2156BA5C23FA7E6A00C46C4B /* Preview Content */,
			);
			path = "App-iOS-Hymatik";
			sourceTree = "<group>";
		};
		2156BA5C23FA7E6A00C46C4B /* Preview Content */ = {
			isa = PBXGroup;
			children = (
				2156BA5D23FA7E6A00C46C4B /* Preview Assets.xcassets */,
			);
			path = "Preview Content";
			sourceTree = "<group>";
		};
		2156BA6A23FA7E6A00C46C4B /* App-iOS-HymatikTests */ = {
			isa = PBXGroup;
			children = (
				2156BA6B23FA7E6A00C46C4B /* App_iOS_HymatikTests.swift */,
				2156BA6D23FA7E6A00C46C4B /* Info.plist */,
			);
			path = "App-iOS-HymatikTests";
			sourceTree = "<group>";
		};
		2156BA7523FA7E6A00C46C4B /* App-iOS-HymatikUITests */ = {
			isa = PBXGroup;
			children = (
				2156BA7623FA7E6A00C46C4B /* App_iOS_HymatikUITests.swift */,
				2156BA7823FA7E6A00C46C4B /* Info.plist */,
			);
			path = "App-iOS-HymatikUITests";
			sourceTree = "<group>";
		};
		5F7B5EABECC23F70F80544A1 /* Frameworks */ = {
			isa = PBXGroup;
			children = (
				104762C5C06D00F1CE5460D1 /* Pods_App_iOS_Hymatik.framework */,
				53A7F036936FF00FE12AEBC0 /* Pods_App_iOS_Hymatik_App_iOS_HymatikUITests.framework */,
				EFE0B3306E3941D911D2F254 /* Pods_App_iOS_HymatikTests.framework */,
			);
			name = Frameworks;
			sourceTree = "<group>";
		};
		EFDD9353A6848A8B15C2B491 /* Pods */ = {
			isa = PBXGroup;
			children = (
				CDBCC163EB0EDD58CB0E31D4 /* Pods-App-iOS-Hymatik.debug.xcconfig */,
				C23AC9F5BFE44F19CF55EE9A /* Pods-App-iOS-Hymatik.release.xcconfig */,
				CFB23456620C500CBF0D69DA /* Pods-App-iOS-Hymatik-App-iOS-HymatikUITests.debug.xcconfig */,
				460E0952139A41A9615B8475 /* Pods-App-iOS-Hymatik-App-iOS-HymatikUITests.release.xcconfig */,
				FEB423E21C7D0992A1D67F55 /* Pods-App-iOS-HymatikTests.debug.xcconfig */,
				AD13988AC300087883063E1C /* Pods-App-iOS-HymatikTests.release.xcconfig */,
			);
			path = Pods;
			sourceTree = "<group>";
		};
/* End PBXGroup section */

/* Begin PBXNativeTarget section */
		2156BA4D23FA7E6900C46C4B /* App-iOS-Hymatik */ = {
			isa = PBXNativeTarget;
			buildConfigurationList = 2156BA7B23FA7E6A00C46C4B /* Build configuration list for PBXNativeTarget "App-iOS-Hymatik" */;
			buildPhases = (
				B05A1F17FCE3D249682C83DC /* [CP] Check Pods Manifest.lock */,
				2156BA4A23FA7E6900C46C4B /* Sources */,
				2156BA4B23FA7E6900C46C4B /* Frameworks */,
				2156BA4C23FA7E6900C46C4B /* Resources */,
			);
			buildRules = (
			);
			dependencies = (
			);
			name = "App-iOS-Hymatik";
			productName = "App-iOS-Hymatik";
			productReference = 2156BA4E23FA7E6900C46C4B /* Hymatik.app */;
			productType = "com.apple.product-type.application";
		};
		2156BA6623FA7E6A00C46C4B /* App-iOS-HymatikTests */ = {
			isa = PBXNativeTarget;
			buildConfigurationList = 2156BA7E23FA7E6A00C46C4B /* Build configuration list for PBXNativeTarget "App-iOS-HymatikTests" */;
			buildPhases = (
				DB4C3959F1D35CF7CF0A07CA /* [CP] Check Pods Manifest.lock */,
				2156BA6323FA7E6A00C46C4B /* Sources */,
				2156BA6423FA7E6A00C46C4B /* Frameworks */,
				2156BA6523FA7E6A00C46C4B /* Resources */,
			);
			buildRules = (
			);
			dependencies = (
				2156BA6923FA7E6A00C46C4B /* PBXTargetDependency */,
			);
			name = "App-iOS-HymatikTests";
			productName = "App-iOS-HymatikTests";
			productReference = 2156BA6723FA7E6A00C46C4B /* App-iOS-HymatikTests.xctest */;
			productType = "com.apple.product-type.bundle.unit-test";
		};
		2156BA7123FA7E6A00C46C4B /* App-iOS-HymatikUITests */ = {
			isa = PBXNativeTarget;
			buildConfigurationList = 2156BA8123FA7E6A00C46C4B /* Build configuration list for PBXNativeTarget "App-iOS-HymatikUITests" */;
			buildPhases = (
				202B09175F793B57C71F2158 /* [CP] Check Pods Manifest.lock */,
				2156BA6E23FA7E6A00C46C4B /* Sources */,
				2156BA6F23FA7E6A00C46C4B /* Frameworks */,
				2156BA7023FA7E6A00C46C4B /* Resources */,
			);
			buildRules = (
			);
			dependencies = (
				2156BA7423FA7E6A00C46C4B /* PBXTargetDependency */,
			);
			name = "App-iOS-HymatikUITests";
			productName = "App-iOS-HymatikUITests";
			productReference = 2156BA7223FA7E6A00C46C4B /* App-iOS-HymatikUITests.xctest */;
			productType = "com.apple.product-type.bundle.ui-testing";
		};
/* End PBXNativeTarget section */

/* Begin PBXProject section */
		2156BA4623FA7E6900C46C4B /* Project object */ = {
			isa = PBXProject;
			attributes = {
				LastSwiftUpdateCheck = 1130;
				LastUpgradeCheck = 1130;
				ORGANIZATIONNAME = Hymatik;
				TargetAttributes = {
					2156BA4D23FA7E6900C46C4B = {
						CreatedOnToolsVersion = 11.3.1;
					};
					2156BA6623FA7E6A00C46C4B = {
						CreatedOnToolsVersion = 11.3.1;
						TestTargetID = 2156BA4D23FA7E6900C46C4B;
					};
					2156BA7123FA7E6A00C46C4B = {
						CreatedOnToolsVersion = 11.3.1;
						TestTargetID = 2156BA4D23FA7E6900C46C4B;
					};
				};
			};
			buildConfigurationList = 2156BA4923FA7E6900C46C4B /* Build configuration list for PBXProject "App-iOS-Hymatik" */;
			compatibilityVersion = "Xcode 9.3";
			developmentRegion = en;
			hasScannedForEncodings = 0;
			knownRegions = (
				en,
				Base,
			);
			mainGroup = 2156BA4523FA7E6900C46C4B;
			productRefGroup = 2156BA4F23FA7E6900C46C4B /* Products */;
			projectDirPath = "";
			projectRoot = "";
			targets = (
				2156BA4D23FA7E6900C46C4B /* App-iOS-Hymatik */,
				2156BA6623FA7E6A00C46C4B /* App-iOS-HymatikTests */,
				2156BA7123FA7E6A00C46C4B /* App-iOS-HymatikUITests */,
			);
		};
/* End PBXProject section */

/* Begin PBXResourcesBuildPhase section */
		2156BA4C23FA7E6900C46C4B /* Resources */ = {
			isa = PBXResourcesBuildPhase;
			buildActionMask = 2147483647;
			files = (
				2156BA6123FA7E6A00C46C4B /* LaunchScreen.storyboard in Resources */,
				2156BA5E23FA7E6A00C46C4B /* Preview Assets.xcassets in Resources */,
				2156BA5B23FA7E6A00C46C4B /* Assets.xcassets in Resources */,
				210FFB7E23FA987B000F8297 /* Main.storyboard in Resources */,
			);
			runOnlyForDeploymentPostprocessing = 0;
		};
		2156BA6523FA7E6A00C46C4B /* Resources */ = {
			isa = PBXResourcesBuildPhase;
			buildActionMask = 2147483647;
			files = (
			);
			runOnlyForDeploymentPostprocessing = 0;
		};
		2156BA7023FA7E6A00C46C4B /* Resources */ = {
			isa = PBXResourcesBuildPhase;
			buildActionMask = 2147483647;
			files = (
			);
			runOnlyForDeploymentPostprocessing = 0;
		};
/* End PBXResourcesBuildPhase section */

/* Begin PBXShellScriptBuildPhase section */
		202B09175F793B57C71F2158 /* [CP] Check Pods Manifest.lock */ = {
			isa = PBXShellScriptBuildPhase;
			buildActionMask = 2147483647;
			files = (
			);
			inputFileListPaths = (
			);
			inputPaths = (
				"${PODS_PODFILE_DIR_PATH}/Podfile.lock",
				"${PODS_ROOT}/Manifest.lock",
			);
			name = "[CP] Check Pods Manifest.lock";
			outputFileListPaths = (
			);
			outputPaths = (
				"$(DERIVED_FILE_DIR)/Pods-App-iOS-Hymatik-App-iOS-HymatikUITests-checkManifestLockResult.txt",
			);
			runOnlyForDeploymentPostprocessing = 0;
			shellPath = /bin/sh;
			shellScript = "diff \"${PODS_PODFILE_DIR_PATH}/Podfile.lock\" \"${PODS_ROOT}/Manifest.lock\" > /dev/null\nif [ $? != 0 ] ; then\n    # print error to STDERR\n    echo \"error: The sandbox is not in sync with the Podfile.lock. Run 'pod install' or update your CocoaPods installation.\" >&2\n    exit 1\nfi\n# This output is used by Xcode 'outputs' to avoid re-running this script phase.\necho \"SUCCESS\" > \"${SCRIPT_OUTPUT_FILE_0}\"\n";
			showEnvVarsInLog = 0;
		};
		B05A1F17FCE3D249682C83DC /* [CP] Check Pods Manifest.lock */ = {
			isa = PBXShellScriptBuildPhase;
			buildActionMask = 2147483647;
			files = (
			);
			inputFileListPaths = (
			);
			inputPaths = (
				"${PODS_PODFILE_DIR_PATH}/Podfile.lock",
				"${PODS_ROOT}/Manifest.lock",
			);
			name = "[CP] Check Pods Manifest.lock";
			outputFileListPaths = (
			);
			outputPaths = (
				"$(DERIVED_FILE_DIR)/Pods-App-iOS-Hymatik-checkManifestLockResult.txt",
			);
			runOnlyForDeploymentPostprocessing = 0;
			shellPath = /bin/sh;
			shellScript = "diff \"${PODS_PODFILE_DIR_PATH}/Podfile.lock\" \"${PODS_ROOT}/Manifest.lock\" > /dev/null\nif [ $? != 0 ] ; then\n    # print error to STDERR\n    echo \"error: The sandbox is not in sync with the Podfile.lock. Run 'pod install' or update your CocoaPods installation.\" >&2\n    exit 1\nfi\n# This output is used by Xcode 'outputs' to avoid re-running this script phase.\necho \"SUCCESS\" > \"${SCRIPT_OUTPUT_FILE_0}\"\n";
			showEnvVarsInLog = 0;
		};
		DB4C3959F1D35CF7CF0A07CA /* [CP] Check Pods Manifest.lock */ = {
			isa = PBXShellScriptBuildPhase;
			buildActionMask = 2147483647;
			files = (
			);
			inputFileListPaths = (
			);
			inputPaths = (
				"${PODS_PODFILE_DIR_PATH}/Podfile.lock",
				"${PODS_ROOT}/Manifest.lock",
			);
			name = "[CP] Check Pods Manifest.lock";
			outputFileListPaths = (
			);
			outputPaths = (
				"$(DERIVED_FILE_DIR)/Pods-App-iOS-HymatikTests-checkManifestLockResult.txt",
			);
			runOnlyForDeploymentPostprocessing = 0;
			shellPath = /bin/sh;
			shellScript = "diff \"${PODS_PODFILE_DIR_PATH}/Podfile.lock\" \"${PODS_ROOT}/Manifest.lock\" > /dev/null\nif [ $? != 0 ] ; then\n    # print error to STDERR\n    echo \"error: The sandbox is not in sync with the Podfile.lock. Run 'pod install' or update your CocoaPods installation.\" >&2\n    exit 1\nfi\n# This output is used by Xcode 'outputs' to avoid re-running this script phase.\necho \"SUCCESS\" > \"${SCRIPT_OUTPUT_FILE_0}\"\n";
			showEnvVarsInLog = 0;
		};
/* End PBXShellScriptBuildPhase section */

/* Begin PBXSourcesBuildPhase section */
		2156BA4A23FA7E6900C46C4B /* Sources */ = {
			isa = PBXSourcesBuildPhase;
			buildActionMask = 2147483647;
			files = (
				2156BA5223FA7E6900C46C4B /* AppDelegate.swift in Sources */,
				2156BA5723FA7E6900C46C4B /* App_iOS_Hymatik.xcdatamodeld in Sources */,
				210FFB8423FAA3A2000F8297 /* UIKitView.swift in Sources */,
				2156BA5923FA7E6900C46C4B /* ContentView.swift in Sources */,
				2174FDC523FBD9870064D05E /* Scanner.swift in Sources */,
				2156BA5423FA7E6900C46C4B /* SceneDelegate.swift in Sources */,
			);
			runOnlyForDeploymentPostprocessing = 0;
		};
		2156BA6323FA7E6A00C46C4B /* Sources */ = {
			isa = PBXSourcesBuildPhase;
			buildActionMask = 2147483647;
			files = (
				2156BA6C23FA7E6A00C46C4B /* App_iOS_HymatikTests.swift in Sources */,
			);
			runOnlyForDeploymentPostprocessing = 0;
		};
		2156BA6E23FA7E6A00C46C4B /* Sources */ = {
			isa = PBXSourcesBuildPhase;
			buildActionMask = 2147483647;
			files = (
				2156BA7723FA7E6A00C46C4B /* App_iOS_HymatikUITests.swift in Sources */,
			);
			runOnlyForDeploymentPostprocessing = 0;
		};
/* End PBXSourcesBuildPhase section */

/* Begin PBXTargetDependency section */
		2156BA6923FA7E6A00C46C4B /* PBXTargetDependency */ = {
			isa = PBXTargetDependency;
			target = 2156BA4D23FA7E6900C46C4B /* App-iOS-Hymatik */;
			targetProxy = 2156BA6823FA7E6A00C46C4B /* PBXContainerItemProxy */;
		};
		2156BA7423FA7E6A00C46C4B /* PBXTargetDependency */ = {
			isa = PBXTargetDependency;
			target = 2156BA4D23FA7E6900C46C4B /* App-iOS-Hymatik */;
			targetProxy = 2156BA7323FA7E6A00C46C4B /* PBXContainerItemProxy */;
		};
/* End PBXTargetDependency section */

/* Begin PBXVariantGroup section */
		2156BA5F23FA7E6A00C46C4B /* LaunchScreen.storyboard */ = {
			isa = PBXVariantGroup;
			children = (
				2156BA6023FA7E6A00C46C4B /* Base */,
			);
			name = LaunchScreen.storyboard;
			sourceTree = "<group>";
		};
/* End PBXVariantGroup section */

/* Begin XCBuildConfiguration section */
		2156BA7923FA7E6A00C46C4B /* Debug */ = {
			isa = XCBuildConfiguration;
			buildSettings = {
				ALWAYS_SEARCH_USER_PATHS = NO;
				CLANG_ANALYZER_NONNULL = YES;
				CLANG_ANALYZER_NUMBER_OBJECT_CONVERSION = YES_AGGRESSIVE;
				CLANG_CXX_LANGUAGE_STANDARD = "gnu++14";
				CLANG_CXX_LIBRARY = "libc++";
				CLANG_ENABLE_MODULES = YES;
				CLANG_ENABLE_OBJC_ARC = YES;
				CLANG_ENABLE_OBJC_WEAK = YES;
				CLANG_WARN_BLOCK_CAPTURE_AUTORELEASING = YES;
				CLANG_WARN_BOOL_CONVERSION = YES;
				CLANG_WARN_COMMA = YES;
				CLANG_WARN_CONSTANT_CONVERSION = YES;
				CLANG_WARN_DEPRECATED_OBJC_IMPLEMENTATIONS = YES;
				CLANG_WARN_DIRECT_OBJC_ISA_USAGE = YES_ERROR;
				CLANG_WARN_DOCUMENTATION_COMMENTS = YES;
				CLANG_WARN_EMPTY_BODY = YES;
				CLANG_WARN_ENUM_CONVERSION = YES;
				CLANG_WARN_INFINITE_RECURSION = YES;
				CLANG_WARN_INT_CONVERSION = YES;
				CLANG_WARN_NON_LITERAL_NULL_CONVERSION = YES;
				CLANG_WARN_OBJC_IMPLICIT_RETAIN_SELF = YES;
				CLANG_WARN_OBJC_LITERAL_CONVERSION = YES;
				CLANG_WARN_OBJC_ROOT_CLASS = YES_ERROR;
				CLANG_WARN_RANGE_LOOP_ANALYSIS = YES;
				CLANG_WARN_STRICT_PROTOTYPES = YES;
				CLANG_WARN_SUSPICIOUS_MOVE = YES;
				CLANG_WARN_UNGUARDED_AVAILABILITY = YES_AGGRESSIVE;
				CLANG_WARN_UNREACHABLE_CODE = YES;
				CLANG_WARN__DUPLICATE_METHOD_MATCH = YES;
				COPY_PHASE_STRIP = NO;
				DEBUG_INFORMATION_FORMAT = dwarf;
				ENABLE_STRICT_OBJC_MSGSEND = YES;
				ENABLE_TESTABILITY = YES;
				GCC_C_LANGUAGE_STANDARD = gnu11;
				GCC_DYNAMIC_NO_PIC = NO;
				GCC_NO_COMMON_BLOCKS = YES;
				GCC_OPTIMIZATION_LEVEL = 0;
				GCC_PREPROCESSOR_DEFINITIONS = (
					"DEBUG=1",
					"$(inherited)",
				);
				GCC_WARN_64_TO_32_BIT_CONVERSION = YES;
				GCC_WARN_ABOUT_RETURN_TYPE = YES_ERROR;
				GCC_WARN_UNDECLARED_SELECTOR = YES;
				GCC_WARN_UNINITIALIZED_AUTOS = YES_AGGRESSIVE;
				GCC_WARN_UNUSED_FUNCTION = YES;
				GCC_WARN_UNUSED_VARIABLE = YES;
				IPHONEOS_DEPLOYMENT_TARGET = 13.2;
				MTL_ENABLE_DEBUG_INFO = INCLUDE_SOURCE;
				MTL_FAST_MATH = YES;
				ONLY_ACTIVE_ARCH = YES;
				SDKROOT = iphoneos;
				SWIFT_ACTIVE_COMPILATION_CONDITIONS = DEBUG;
				SWIFT_OPTIMIZATION_LEVEL = "-Onone";
			};
			name = Debug;
		};
		2156BA7A23FA7E6A00C46C4B /* Release */ = {
			isa = XCBuildConfiguration;
			buildSettings = {
				ALWAYS_SEARCH_USER_PATHS = NO;
				CLANG_ANALYZER_NONNULL = YES;
				CLANG_ANALYZER_NUMBER_OBJECT_CONVERSION = YES_AGGRESSIVE;
				CLANG_CXX_LANGUAGE_STANDARD = "gnu++14";
				CLANG_CXX_LIBRARY = "libc++";
				CLANG_ENABLE_MODULES = YES;
				CLANG_ENABLE_OBJC_ARC = YES;
				CLANG_ENABLE_OBJC_WEAK = YES;
				CLANG_WARN_BLOCK_CAPTURE_AUTORELEASING = YES;
				CLANG_WARN_BOOL_CONVERSION = YES;
				CLANG_WARN_COMMA = YES;
				CLANG_WARN_CONSTANT_CONVERSION = YES;
				CLANG_WARN_DEPRECATED_OBJC_IMPLEMENTATIONS = YES;
				CLANG_WARN_DIRECT_OBJC_ISA_USAGE = YES_ERROR;
				CLANG_WARN_DOCUMENTATION_COMMENTS = YES;
				CLANG_WARN_EMPTY_BODY = YES;
				CLANG_WARN_ENUM_CONVERSION = YES;
				CLANG_WARN_INFINITE_RECURSION = YES;
				CLANG_WARN_INT_CONVERSION = YES;
				CLANG_WARN_NON_LITERAL_NULL_CONVERSION = YES;
				CLANG_WARN_OBJC_IMPLICIT_RETAIN_SELF = YES;
				CLANG_WARN_OBJC_LITERAL_CONVERSION = YES;
				CLANG_WARN_OBJC_ROOT_CLASS = YES_ERROR;
				CLANG_WARN_RANGE_LOOP_ANALYSIS = YES;
				CLANG_WARN_STRICT_PROTOTYPES = YES;
				CLANG_WARN_SUSPICIOUS_MOVE = YES;
				CLANG_WARN_UNGUARDED_AVAILABILITY = YES_AGGRESSIVE;
				CLANG_WARN_UNREACHABLE_CODE = YES;
				CLANG_WARN__DUPLICATE_METHOD_MATCH = YES;
				COPY_PHASE_STRIP = NO;
				DEBUG_INFORMATION_FORMAT = "dwarf-with-dsym";
				ENABLE_NS_ASSERTIONS = NO;
				ENABLE_STRICT_OBJC_MSGSEND = YES;
				GCC_C_LANGUAGE_STANDARD = gnu11;
				GCC_NO_COMMON_BLOCKS = YES;
				GCC_WARN_64_TO_32_BIT_CONVERSION = YES;
				GCC_WARN_ABOUT_RETURN_TYPE = YES_ERROR;
				GCC_WARN_UNDECLARED_SELECTOR = YES;
				GCC_WARN_UNINITIALIZED_AUTOS = YES_AGGRESSIVE;
				GCC_WARN_UNUSED_FUNCTION = YES;
				GCC_WARN_UNUSED_VARIABLE = YES;
				IPHONEOS_DEPLOYMENT_TARGET = 13.2;
				MTL_ENABLE_DEBUG_INFO = NO;
				MTL_FAST_MATH = YES;
				SDKROOT = iphoneos;
				SWIFT_COMPILATION_MODE = wholemodule;
				SWIFT_OPTIMIZATION_LEVEL = "-O";
				VALIDATE_PRODUCT = YES;
			};
			name = Release;
		};
		2156BA7C23FA7E6A00C46C4B /* Debug */ = {
			isa = XCBuildConfiguration;
			baseConfigurationReference = CDBCC163EB0EDD58CB0E31D4 /* Pods-App-iOS-Hymatik.debug.xcconfig */;
			buildSettings = {
				ASSETCATALOG_COMPILER_APPICON_NAME = AppIcon;
				CODE_SIGN_STYLE = Automatic;
				DEVELOPMENT_ASSET_PATHS = "\"App-iOS-Hymatik/Preview Content\"";
				DEVELOPMENT_TEAM = FBVK276RNH;
				ENABLE_PREVIEWS = YES;
				INFOPLIST_FILE = "App-iOS-Hymatik/Resources/Info.plist";
				LD_RUNPATH_SEARCH_PATHS = (
					"$(inherited)",
					"@executable_path/Frameworks",
				);
				PRODUCT_BUNDLE_IDENTIFIER = "com.hymatik.App-iOS-Hymatik";
				PRODUCT_NAME = Hymatik;
				SWIFT_VERSION = 5.0;
				TARGETED_DEVICE_FAMILY = "1,2";
			};
			name = Debug;
		};
		2156BA7D23FA7E6A00C46C4B /* Release */ = {
			isa = XCBuildConfiguration;
			baseConfigurationReference = C23AC9F5BFE44F19CF55EE9A /* Pods-App-iOS-Hymatik.release.xcconfig */;
			buildSettings = {
				ASSETCATALOG_COMPILER_APPICON_NAME = AppIcon;
				CODE_SIGN_STYLE = Automatic;
				DEVELOPMENT_ASSET_PATHS = "\"App-iOS-Hymatik/Preview Content\"";
				DEVELOPMENT_TEAM = FBVK276RNH;
				ENABLE_PREVIEWS = YES;
				INFOPLIST_FILE = "App-iOS-Hymatik/Resources/Info.plist";
				LD_RUNPATH_SEARCH_PATHS = (
					"$(inherited)",
					"@executable_path/Frameworks",
				);
				PRODUCT_BUNDLE_IDENTIFIER = "com.hymatik.App-iOS-Hymatik";
				PRODUCT_NAME = Hymatik;
				SWIFT_VERSION = 5.0;
				TARGETED_DEVICE_FAMILY = "1,2";
			};
			name = Release;
		};
		2156BA7F23FA7E6A00C46C4B /* Debug */ = {
			isa = XCBuildConfiguration;
			baseConfigurationReference = FEB423E21C7D0992A1D67F55 /* Pods-App-iOS-HymatikTests.debug.xcconfig */;
			buildSettings = {
				ALWAYS_EMBED_SWIFT_STANDARD_LIBRARIES = YES;
				BUNDLE_LOADER = "$(TEST_HOST)";
				CODE_SIGN_STYLE = Automatic;
				DEVELOPMENT_TEAM = FBVK276RNH;
				INFOPLIST_FILE = "App-iOS-HymatikTests/Info.plist";
				IPHONEOS_DEPLOYMENT_TARGET = 13.2;
				LD_RUNPATH_SEARCH_PATHS = (
					"$(inherited)",
					"@executable_path/Frameworks",
					"@loader_path/Frameworks",
				);
				PRODUCT_BUNDLE_IDENTIFIER = "com.hymatik.App-iOS-HymatikTests";
				PRODUCT_NAME = "$(TARGET_NAME)";
				SWIFT_VERSION = 5.0;
				TARGETED_DEVICE_FAMILY = "1,2";
				TEST_HOST = "$(BUILT_PRODUCTS_DIR)/App-iOS-Hymatik.app/App-iOS-Hymatik";
			};
			name = Debug;
		};
		2156BA8023FA7E6A00C46C4B /* Release */ = {
			isa = XCBuildConfiguration;
			baseConfigurationReference = AD13988AC300087883063E1C /* Pods-App-iOS-HymatikTests.release.xcconfig */;
			buildSettings = {
				ALWAYS_EMBED_SWIFT_STANDARD_LIBRARIES = YES;
				BUNDLE_LOADER = "$(TEST_HOST)";
				CODE_SIGN_STYLE = Automatic;
				DEVELOPMENT_TEAM = FBVK276RNH;
				INFOPLIST_FILE = "App-iOS-HymatikTests/Info.plist";
				IPHONEOS_DEPLOYMENT_TARGET = 13.2;
				LD_RUNPATH_SEARCH_PATHS = (
					"$(inherited)",
					"@executable_path/Frameworks",
					"@loader_path/Frameworks",
				);
				PRODUCT_BUNDLE_IDENTIFIER = "com.hymatik.App-iOS-HymatikTests";
				PRODUCT_NAME = "$(TARGET_NAME)";
				SWIFT_VERSION = 5.0;
				TARGETED_DEVICE_FAMILY = "1,2";
				TEST_HOST = "$(BUILT_PRODUCTS_DIR)/App-iOS-Hymatik.app/App-iOS-Hymatik";
			};
			name = Release;
		};
		2156BA8223FA7E6A00C46C4B /* Debug */ = {
			isa = XCBuildConfiguration;
			baseConfigurationReference = CFB23456620C500CBF0D69DA /* Pods-App-iOS-Hymatik-App-iOS-HymatikUITests.debug.xcconfig */;
			buildSettings = {
				ALWAYS_EMBED_SWIFT_STANDARD_LIBRARIES = YES;
				CODE_SIGN_STYLE = Automatic;
				DEVELOPMENT_TEAM = FBVK276RNH;
				INFOPLIST_FILE = "App-iOS-HymatikUITests/Info.plist";
				LD_RUNPATH_SEARCH_PATHS = (
					"$(inherited)",
					"@executable_path/Frameworks",
					"@loader_path/Frameworks",
				);
				PRODUCT_BUNDLE_IDENTIFIER = "com.hymatik.App-iOS-HymatikUITests";
				PRODUCT_NAME = "$(TARGET_NAME)";
				SWIFT_VERSION = 5.0;
				TARGETED_DEVICE_FAMILY = "1,2";
				TEST_TARGET_NAME = "App-iOS-Hymatik";
			};
			name = Debug;
		};
		2156BA8323FA7E6A00C46C4B /* Release */ = {
			isa = XCBuildConfiguration;
			baseConfigurationReference = 460E0952139A41A9615B8475 /* Pods-App-iOS-Hymatik-App-iOS-HymatikUITests.release.xcconfig */;
			buildSettings = {
				ALWAYS_EMBED_SWIFT_STANDARD_LIBRARIES = YES;
				CODE_SIGN_STYLE = Automatic;
				DEVELOPMENT_TEAM = FBVK276RNH;
				INFOPLIST_FILE = "App-iOS-HymatikUITests/Info.plist";
				LD_RUNPATH_SEARCH_PATHS = (
					"$(inherited)",
					"@executable_path/Frameworks",
					"@loader_path/Frameworks",
				);
				PRODUCT_BUNDLE_IDENTIFIER = "com.hymatik.App-iOS-HymatikUITests";
				PRODUCT_NAME = "$(TARGET_NAME)";
				SWIFT_VERSION = 5.0;
				TARGETED_DEVICE_FAMILY = "1,2";
				TEST_TARGET_NAME = "App-iOS-Hymatik";
			};
			name = Release;
		};
/* End XCBuildConfiguration section */

/* Begin XCConfigurationList section */
		2156BA4923FA7E6900C46C4B /* Build configuration list for PBXProject "App-iOS-Hymatik" */ = {
			isa = XCConfigurationList;
			buildConfigurations = (
				2156BA7923FA7E6A00C46C4B /* Debug */,
				2156BA7A23FA7E6A00C46C4B /* Release */,
			);
			defaultConfigurationIsVisible = 0;
			defaultConfigurationName = Release;
		};
		2156BA7B23FA7E6A00C46C4B /* Build configuration list for PBXNativeTarget "App-iOS-Hymatik" */ = {
			isa = XCConfigurationList;
			buildConfigurations = (
				2156BA7C23FA7E6A00C46C4B /* Debug */,
				2156BA7D23FA7E6A00C46C4B /* Release */,
			);
			defaultConfigurationIsVisible = 0;
			defaultConfigurationName = Release;
		};
		2156BA7E23FA7E6A00C46C4B /* Build configuration list for PBXNativeTarget "App-iOS-HymatikTests" */ = {
			isa = XCConfigurationList;
			buildConfigurations = (
				2156BA7F23FA7E6A00C46C4B /* Debug */,
				2156BA8023FA7E6A00C46C4B /* Release */,
			);
			defaultConfigurationIsVisible = 0;
			defaultConfigurationName = Release;
		};
		2156BA8123FA7E6A00C46C4B /* Build configuration list for PBXNativeTarget "App-iOS-HymatikUITests" */ = {
			isa = XCConfigurationList;
			buildConfigurations = (
				2156BA8223FA7E6A00C46C4B /* Debug */,
				2156BA8323FA7E6A00C46C4B /* Release */,
			);
			defaultConfigurationIsVisible = 0;
			defaultConfigurationName = Release;
		};
/* End XCConfigurationList section */

/* Begin XCVersionGroup section */
		2156BA5523FA7E6900C46C4B /* App_iOS_Hymatik.xcdatamodeld */ = {
			isa = XCVersionGroup;
			children = (
				2156BA5623FA7E6900C46C4B /* App_iOS_Hymatik.xcdatamodel */,
			);
			currentVersion = 2156BA5623FA7E6900C46C4B /* App_iOS_Hymatik.xcdatamodel */;
			path = App_iOS_Hymatik.xcdatamodeld;
			sourceTree = "<group>";
			versionGroupType = wrapper.xcdatamodel;
		};
/* End XCVersionGroup section */
	};
	rootObject = 2156BA4623FA7E6900C46C4B /* Project object */;
}
